// !$*UTF8*$!
{
	archiveVersion = 1;
	classes = {
	};
	objectVersion = 55;
	objects = {

/* Begin PBXBuildFile section */
		60FA156D286B8B84008EBD1C /* AppDelegate.swift in Sources */ = {isa = PBXBuildFile; fileRef = 60FA156C286B8B84008EBD1C /* AppDelegate.swift */; };
		60FA156F286B8B84008EBD1C /* SceneDelegate.swift in Sources */ = {isa = PBXBuildFile; fileRef = 60FA156E286B8B84008EBD1C /* SceneDelegate.swift */; };
		60FA1574286B8B84008EBD1C /* Main.storyboard in Resources */ = {isa = PBXBuildFile; fileRef = 60FA1572286B8B84008EBD1C /* Main.storyboard */; };
		60FA1577286B8B84008EBD1C /* Recollect_App_KWK22.xcdatamodeld in Sources */ = {isa = PBXBuildFile; fileRef = 60FA1575286B8B84008EBD1C /* Recollect_App_KWK22.xcdatamodeld */; };
		60FA1579286B8B86008EBD1C /* Assets.xcassets in Resources */ = {isa = PBXBuildFile; fileRef = 60FA1578286B8B86008EBD1C /* Assets.xcassets */; };
		60FA157C286B8B86008EBD1C /* LaunchScreen.storyboard in Resources */ = {isa = PBXBuildFile; fileRef = 60FA157A286B8B86008EBD1C /* LaunchScreen.storyboard */; };
		60FA1587286B8B86008EBD1C /* Recollect_App_KWK22Tests.swift in Sources */ = {isa = PBXBuildFile; fileRef = 60FA1586286B8B86008EBD1C /* Recollect_App_KWK22Tests.swift */; };
		60FA1591286B8B86008EBD1C /* Recollect_App_KWK22UITests.swift in Sources */ = {isa = PBXBuildFile; fileRef = 60FA1590286B8B86008EBD1C /* Recollect_App_KWK22UITests.swift */; };
		60FA1593286B8B86008EBD1C /* Recollect_App_KWK22UITestsLaunchTests.swift in Sources */ = {isa = PBXBuildFile; fileRef = 60FA1592286B8B86008EBD1C /* Recollect_App_KWK22UITestsLaunchTests.swift */; };
		60FA15AA286CAD6E008EBD1C /* GamePageViewController.swift in Sources */ = {isa = PBXBuildFile; fileRef = 60FA15A9286CAD6E008EBD1C /* GamePageViewController.swift */; };
		60FA15AC286CAD91008EBD1C /* StartScreenViewController.swift in Sources */ = {isa = PBXBuildFile; fileRef = 60FA15AB286CAD91008EBD1C /* StartScreenViewController.swift */; };
		60FA15AE286CADAC008EBD1C /* StartScreen.swift in Sources */ = {isa = PBXBuildFile; fileRef = 60FA15AD286CADAC008EBD1C /* StartScreen.swift */; };
		60FA15B0286CADC2008EBD1C /* GamePage.swift in Sources */ = {isa = PBXBuildFile; fileRef = 60FA15AF286CADC2008EBD1C /* GamePage.swift */; };
/* End PBXBuildFile section */

/* Begin PBXContainerItemProxy section */
		60FA1583286B8B86008EBD1C /* PBXContainerItemProxy */ = {
			isa = PBXContainerItemProxy;
			containerPortal = 60FA1561286B8B84008EBD1C /* Project object */;
			proxyType = 1;
			remoteGlobalIDString = 60FA1568286B8B84008EBD1C;
			remoteInfo = "Recollect App KWK22";
		};
		60FA158D286B8B86008EBD1C /* PBXContainerItemProxy */ = {
			isa = PBXContainerItemProxy;
			containerPortal = 60FA1561286B8B84008EBD1C /* Project object */;
			proxyType = 1;
			remoteGlobalIDString = 60FA1568286B8B84008EBD1C;
			remoteInfo = "Recollect App KWK22";
		};
/* End PBXContainerItemProxy section */

/* Begin PBXFileReference section */
		60FA1569286B8B84008EBD1C /* Recollect App KWK22.app */ = {isa = PBXFileReference; explicitFileType = wrapper.application; includeInIndex = 0; path = "Recollect App KWK22.app"; sourceTree = BUILT_PRODUCTS_DIR; };
		60FA156C286B8B84008EBD1C /* AppDelegate.swift */ = {isa = PBXFileReference; lastKnownFileType = sourcecode.swift; path = AppDelegate.swift; sourceTree = "<group>"; };
		60FA156E286B8B84008EBD1C /* SceneDelegate.swift */ = {isa = PBXFileReference; lastKnownFileType = sourcecode.swift; path = SceneDelegate.swift; sourceTree = "<group>"; };
		60FA1573286B8B84008EBD1C /* Base */ = {isa = PBXFileReference; lastKnownFileType = file.storyboard; name = Base; path = Base.lproj/Main.storyboard; sourceTree = "<group>"; };
		60FA1576286B8B84008EBD1C /* Recollect_App_KWK22.xcdatamodel */ = {isa = PBXFileReference; lastKnownFileType = wrapper.xcdatamodel; path = Recollect_App_KWK22.xcdatamodel; sourceTree = "<group>"; };
		60FA1578286B8B86008EBD1C /* Assets.xcassets */ = {isa = PBXFileReference; lastKnownFileType = folder.assetcatalog; path = Assets.xcassets; sourceTree = "<group>"; };
		60FA157B286B8B86008EBD1C /* Base */ = {isa = PBXFileReference; lastKnownFileType = file.storyboard; name = Base; path = Base.lproj/LaunchScreen.storyboard; sourceTree = "<group>"; };
		60FA157D286B8B86008EBD1C /* Info.plist */ = {isa = PBXFileReference; lastKnownFileType = text.plist.xml; path = Info.plist; sourceTree = "<group>"; };
		60FA1582286B8B86008EBD1C /* Recollect App KWK22Tests.xctest */ = {isa = PBXFileReference; explicitFileType = wrapper.cfbundle; includeInIndex = 0; path = "Recollect App KWK22Tests.xctest"; sourceTree = BUILT_PRODUCTS_DIR; };
		60FA1586286B8B86008EBD1C /* Recollect_App_KWK22Tests.swift */ = {isa = PBXFileReference; lastKnownFileType = sourcecode.swift; path = Recollect_App_KWK22Tests.swift; sourceTree = "<group>"; };
		60FA158C286B8B86008EBD1C /* Recollect App KWK22UITests.xctest */ = {isa = PBXFileReference; explicitFileType = wrapper.cfbundle; includeInIndex = 0; path = "Recollect App KWK22UITests.xctest"; sourceTree = BUILT_PRODUCTS_DIR; };
		60FA1590286B8B86008EBD1C /* Recollect_App_KWK22UITests.swift */ = {isa = PBXFileReference; lastKnownFileType = sourcecode.swift; path = Recollect_App_KWK22UITests.swift; sourceTree = "<group>"; };
		60FA1592286B8B86008EBD1C /* Recollect_App_KWK22UITestsLaunchTests.swift */ = {isa = PBXFileReference; lastKnownFileType = sourcecode.swift; path = Recollect_App_KWK22UITestsLaunchTests.swift; sourceTree = "<group>"; };
		60FA15A9286CAD6E008EBD1C /* GamePageViewController.swift */ = {isa = PBXFileReference; lastKnownFileType = sourcecode.swift; path = GamePageViewController.swift; sourceTree = "<group>"; };
		60FA15AB286CAD91008EBD1C /* StartScreenViewController.swift */ = {isa = PBXFileReference; lastKnownFileType = sourcecode.swift; path = StartScreenViewController.swift; sourceTree = "<group>"; };
		60FA15AD286CADAC008EBD1C /* StartScreen.swift */ = {isa = PBXFileReference; lastKnownFileType = sourcecode.swift; path = StartScreen.swift; sourceTree = "<group>"; };
		60FA15AF286CADC2008EBD1C /* GamePage.swift */ = {isa = PBXFileReference; lastKnownFileType = sourcecode.swift; path = GamePage.swift; sourceTree = "<group>"; };
/* End PBXFileReference section */

/* Begin PBXFrameworksBuildPhase section */
		60FA1566286B8B84008EBD1C /* Frameworks */ = {
			isa = PBXFrameworksBuildPhase;
			buildActionMask = 2147483647;
			files = (
			);
			runOnlyForDeploymentPostprocessing = 0;
		};
		60FA157F286B8B86008EBD1C /* Frameworks */ = {
			isa = PBXFrameworksBuildPhase;
			buildActionMask = 2147483647;
			files = (
			);
			runOnlyForDeploymentPostprocessing = 0;
		};
		60FA1589286B8B86008EBD1C /* Frameworks */ = {
			isa = PBXFrameworksBuildPhase;
			buildActionMask = 2147483647;
			files = (
			);
			runOnlyForDeploymentPostprocessing = 0;
		};
/* End PBXFrameworksBuildPhase section */

/* Begin PBXGroup section */
		60FA1560286B8B84008EBD1C = {
			isa = PBXGroup;
			children = (
				60FA156B286B8B84008EBD1C /* Recollect App KWK22 */,
				60FA1585286B8B86008EBD1C /* Recollect App KWK22Tests */,
				60FA158F286B8B86008EBD1C /* Recollect App KWK22UITests */,
				60FA156A286B8B84008EBD1C /* Products */,
			);
			sourceTree = "<group>";
		};
		60FA156A286B8B84008EBD1C /* Products */ = {
			isa = PBXGroup;
			children = (
				60FA1569286B8B84008EBD1C /* Recollect App KWK22.app */,
				60FA1582286B8B86008EBD1C /* Recollect App KWK22Tests.xctest */,
				60FA158C286B8B86008EBD1C /* Recollect App KWK22UITests.xctest */,
			);
			name = Products;
			sourceTree = "<group>";
		};
		60FA156B286B8B84008EBD1C /* Recollect App KWK22 */ = {
			isa = PBXGroup;
			children = (
				60FA156C286B8B84008EBD1C /* AppDelegate.swift */,
				60FA156E286B8B84008EBD1C /* SceneDelegate.swift */,
				60FA1572286B8B84008EBD1C /* Main.storyboard */,
				60FA15AB286CAD91008EBD1C /* StartScreenViewController.swift */,
				60FA15AD286CADAC008EBD1C /* StartScreen.swift */,
				60FA15A9286CAD6E008EBD1C /* GamePageViewController.swift */,
				60FA15AF286CADC2008EBD1C /* GamePage.swift */,
				60FA1578286B8B86008EBD1C /* Assets.xcassets */,
				60FA157A286B8B86008EBD1C /* LaunchScreen.storyboard */,
				60FA157D286B8B86008EBD1C /* Info.plist */,
				60FA1575286B8B84008EBD1C /* Recollect_App_KWK22.xcdatamodeld */,
			);
			path = "Recollect App KWK22";
			sourceTree = "<group>";
		};
		60FA1585286B8B86008EBD1C /* Recollect App KWK22Tests */ = {
			isa = PBXGroup;
			children = (
				60FA1586286B8B86008EBD1C /* Recollect_App_KWK22Tests.swift */,
			);
			path = "Recollect App KWK22Tests";
			sourceTree = "<group>";
		};
		60FA158F286B8B86008EBD1C /* Recollect App KWK22UITests */ = {
			isa = PBXGroup;
			children = (
				60FA1590286B8B86008EBD1C /* Recollect_App_KWK22UITests.swift */,
				60FA1592286B8B86008EBD1C /* Recollect_App_KWK22UITestsLaunchTests.swift */,
			);
			path = "Recollect App KWK22UITests";
			sourceTree = "<group>";
		};
/* End PBXGroup section */

/* Begin PBXNativeTarget section */
		60FA1568286B8B84008EBD1C /* Recollect App KWK22 */ = {
			isa = PBXNativeTarget;
			buildConfigurationList = 60FA1596286B8B86008EBD1C /* Build configuration list for PBXNativeTarget "Recollect App KWK22" */;
			buildPhases = (
				60FA1565286B8B84008EBD1C /* Sources */,
				60FA1566286B8B84008EBD1C /* Frameworks */,
				60FA1567286B8B84008EBD1C /* Resources */,
			);
			buildRules = (
			);
			dependencies = (
			);
			name = "Recollect App KWK22";
			productName = "Recollect App KWK22";
			productReference = 60FA1569286B8B84008EBD1C /* Recollect App KWK22.app */;
			productType = "com.apple.product-type.application";
		};
		60FA1581286B8B86008EBD1C /* Recollect App KWK22Tests */ = {
			isa = PBXNativeTarget;
			buildConfigurationList = 60FA1599286B8B86008EBD1C /* Build configuration list for PBXNativeTarget "Recollect App KWK22Tests" */;
			buildPhases = (
				60FA157E286B8B86008EBD1C /* Sources */,
				60FA157F286B8B86008EBD1C /* Frameworks */,
				60FA1580286B8B86008EBD1C /* Resources */,
			);
			buildRules = (
			);
			dependencies = (
				60FA1584286B8B86008EBD1C /* PBXTargetDependency */,
			);
			name = "Recollect App KWK22Tests";
			productName = "Recollect App KWK22Tests";
			productReference = 60FA1582286B8B86008EBD1C /* Recollect App KWK22Tests.xctest */;
			productType = "com.apple.product-type.bundle.unit-test";
		};
		60FA158B286B8B86008EBD1C /* Recollect App KWK22UITests */ = {
			isa = PBXNativeTarget;
			buildConfigurationList = 60FA159C286B8B86008EBD1C /* Build configuration list for PBXNativeTarget "Recollect App KWK22UITests" */;
			buildPhases = (
				60FA1588286B8B86008EBD1C /* Sources */,
				60FA1589286B8B86008EBD1C /* Frameworks */,
				60FA158A286B8B86008EBD1C /* Resources */,
			);
			buildRules = (
			);
			dependencies = (
				60FA158E286B8B86008EBD1C /* PBXTargetDependency */,
			);
			name = "Recollect App KWK22UITests";
			productName = "Recollect App KWK22UITests";
			productReference = 60FA158C286B8B86008EBD1C /* Recollect App KWK22UITests.xctest */;
			productType = "com.apple.product-type.bundle.ui-testing";
		};
/* End PBXNativeTarget section */

/* Begin PBXProject section */
		60FA1561286B8B84008EBD1C /* Project object */ = {
			isa = PBXProject;
			attributes = {
				BuildIndependentTargetsInParallel = 1;
				LastSwiftUpdateCheck = 1340;
				LastUpgradeCheck = 1340;
				TargetAttributes = {
					60FA1568286B8B84008EBD1C = {
						CreatedOnToolsVersion = 13.4.1;
					};
					60FA1581286B8B86008EBD1C = {
						CreatedOnToolsVersion = 13.4.1;
						TestTargetID = 60FA1568286B8B84008EBD1C;
					};
					60FA158B286B8B86008EBD1C = {
						CreatedOnToolsVersion = 13.4.1;
						TestTargetID = 60FA1568286B8B84008EBD1C;
					};
				};
			};
			buildConfigurationList = 60FA1564286B8B84008EBD1C /* Build configuration list for PBXProject "Recollect App KWK22" */;
			compatibilityVersion = "Xcode 13.0";
			developmentRegion = en;
			hasScannedForEncodings = 0;
			knownRegions = (
				en,
				Base,
			);
			mainGroup = 60FA1560286B8B84008EBD1C;
			productRefGroup = 60FA156A286B8B84008EBD1C /* Products */;
			projectDirPath = "";
			projectRoot = "";
			targets = (
				60FA1568286B8B84008EBD1C /* Recollect App KWK22 */,
				60FA1581286B8B86008EBD1C /* Recollect App KWK22Tests */,
				60FA158B286B8B86008EBD1C /* Recollect App KWK22UITests */,
			);
		};
/* End PBXProject section */

/* Begin PBXResourcesBuildPhase section */
		60FA1567286B8B84008EBD1C /* Resources */ = {
			isa = PBXResourcesBuildPhase;
			buildActionMask = 2147483647;
			files = (
				60FA157C286B8B86008EBD1C /* LaunchScreen.storyboard in Resources */,
				60FA1579286B8B86008EBD1C /* Assets.xcassets in Resources */,
				60FA1574286B8B84008EBD1C /* Main.storyboard in Resources */,
			);
			runOnlyForDeploymentPostprocessing = 0;
		};
		60FA1580286B8B86008EBD1C /* Resources */ = {
			isa = PBXResourcesBuildPhase;
			buildActionMask = 2147483647;
			files = (
			);
			runOnlyForDeploymentPostprocessing = 0;
		};
		60FA158A286B8B86008EBD1C /* Resources */ = {
			isa = PBXResourcesBuildPhase;
			buildActionMask = 2147483647;
			files = (
			);
			runOnlyForDeploymentPostprocessing = 0;
		};
/* End PBXResourcesBuildPhase section */

/* Begin PBXSourcesBuildPhase section */
		60FA1565286B8B84008EBD1C /* Sources */ = {
			isa = PBXSourcesBuildPhase;
			buildActionMask = 2147483647;
			files = (
				60FA156D286B8B84008EBD1C /* AppDelegate.swift in Sources */,
				60FA1577286B8B84008EBD1C /* Recollect_App_KWK22.xcdatamodeld in Sources */,
				60FA15AE286CADAC008EBD1C /* StartScreen.swift in Sources */,
				60FA15B0286CADC2008EBD1C /* GamePage.swift in Sources */,
				60FA156F286B8B84008EBD1C /* SceneDelegate.swift in Sources */,
				60FA15AA286CAD6E008EBD1C /* GamePageViewController.swift in Sources */,
				60FA15AC286CAD91008EBD1C /* StartScreenViewController.swift in Sources */,
			);
			runOnlyForDeploymentPostprocessing = 0;
		};
		60FA157E286B8B86008EBD1C /* Sources */ = {
			isa = PBXSourcesBuildPhase;
			buildActionMask = 2147483647;
			files = (
				60FA1587286B8B86008EBD1C /* Recollect_App_KWK22Tests.swift in Sources */,
			);
			runOnlyForDeploymentPostprocessing = 0;
		};
		60FA1588286B8B86008EBD1C /* Sources */ = {
			isa = PBXSourcesBuildPhase;
			buildActionMask = 2147483647;
			files = (
				60FA1593286B8B86008EBD1C /* Recollect_App_KWK22UITestsLaunchTests.swift in Sources */,
				60FA1591286B8B86008EBD1C /* Recollect_App_KWK22UITests.swift in Sources */,
			);
			runOnlyForDeploymentPostprocessing = 0;
		};
/* End PBXSourcesBuildPhase section */

/* Begin PBXTargetDependency section */
		60FA1584286B8B86008EBD1C /* PBXTargetDependency */ = {
			isa = PBXTargetDependency;
			target = 60FA1568286B8B84008EBD1C /* Recollect App KWK22 */;
			targetProxy = 60FA1583286B8B86008EBD1C /* PBXContainerItemProxy */;
		};
		60FA158E286B8B86008EBD1C /* PBXTargetDependency */ = {
			isa = PBXTargetDependency;
			target = 60FA1568286B8B84008EBD1C /* Recollect App KWK22 */;
			targetProxy = 60FA158D286B8B86008EBD1C /* PBXContainerItemProxy */;
		};
/* End PBXTargetDependency section */

/* Begin PBXVariantGroup section */
		60FA1572286B8B84008EBD1C /* Main.storyboard */ = {
			isa = PBXVariantGroup;
			children = (
				60FA1573286B8B84008EBD1C /* Base */,
			);
			name = Main.storyboard;
			sourceTree = "<group>";
		};
		60FA157A286B8B86008EBD1C /* LaunchScreen.storyboard */ = {
			isa = PBXVariantGroup;
			children = (
				60FA157B286B8B86008EBD1C /* Base */,
			);
			name = LaunchScreen.storyboard;
			sourceTree = "<group>";
		};
/* End PBXVariantGroup section */

/* Begin XCBuildConfiguration section */
		60FA1594286B8B86008EBD1C /* Debug */ = {
			isa = XCBuildConfiguration;
			buildSettings = {
				ALWAYS_SEARCH_USER_PATHS = NO;
				CLANG_ANALYZER_NONNULL = YES;
				CLANG_ANALYZER_NUMBER_OBJECT_CONVERSION = YES_AGGRESSIVE;
				CLANG_CXX_LANGUAGE_STANDARD = "gnu++17";
				CLANG_ENABLE_MODULES = YES;
				CLANG_ENABLE_OBJC_ARC = YES;
				CLANG_ENABLE_OBJC_WEAK = YES;
				CLANG_WARN_BLOCK_CAPTURE_AUTORELEASING = YES;
				CLANG_WARN_BOOL_CONVERSION = YES;
				CLANG_WARN_COMMA = YES;
				CLANG_WARN_CONSTANT_CONVERSION = YES;
				CLANG_WARN_DEPRECATED_OBJC_IMPLEMENTATIONS = YES;
				CLANG_WARN_DIRECT_OBJC_ISA_USAGE = YES_ERROR;
				CLANG_WARN_DOCUMENTATION_COMMENTS = YES;
				CLANG_WARN_EMPTY_BODY = YES;
				CLANG_WARN_ENUM_CONVERSION = YES;
				CLANG_WARN_INFINITE_RECURSION = YES;
				CLANG_WARN_INT_CONVERSION = YES;
				CLANG_WARN_NON_LITERAL_NULL_CONVERSION = YES;
				CLANG_WARN_OBJC_IMPLICIT_RETAIN_SELF = YES;
				CLANG_WARN_OBJC_LITERAL_CONVERSION = YES;
				CLANG_WARN_OBJC_ROOT_CLASS = YES_ERROR;
				CLANG_WARN_QUOTED_INCLUDE_IN_FRAMEWORK_HEADER = YES;
				CLANG_WARN_RANGE_LOOP_ANALYSIS = YES;
				CLANG_WARN_STRICT_PROTOTYPES = YES;
				CLANG_WARN_SUSPICIOUS_MOVE = YES;
				CLANG_WARN_UNGUARDED_AVAILABILITY = YES_AGGRESSIVE;
				CLANG_WARN_UNREACHABLE_CODE = YES;
				CLANG_WARN__DUPLICATE_METHOD_MATCH = YES;
				COPY_PHASE_STRIP = NO;
				DEBUG_INFORMATION_FORMAT = dwarf;
				ENABLE_STRICT_OBJC_MSGSEND = YES;
				ENABLE_TESTABILITY = YES;
				GCC_C_LANGUAGE_STANDARD = gnu11;
				GCC_DYNAMIC_NO_PIC = NO;
				GCC_NO_COMMON_BLOCKS = YES;
				GCC_OPTIMIZATION_LEVEL = 0;
				GCC_PREPROCESSOR_DEFINITIONS = (
					"DEBUG=1",
					"$(inherited)",
				);
				GCC_WARN_64_TO_32_BIT_CONVERSION = YES;
				GCC_WARN_ABOUT_RETURN_TYPE = YES_ERROR;
				GCC_WARN_UNDECLARED_SELECTOR = YES;
				GCC_WARN_UNINITIALIZED_AUTOS = YES_AGGRESSIVE;
				GCC_WARN_UNUSED_FUNCTION = YES;
				GCC_WARN_UNUSED_VARIABLE = YES;
				IPHONEOS_DEPLOYMENT_TARGET = 15.5;
				MTL_ENABLE_DEBUG_INFO = INCLUDE_SOURCE;
				MTL_FAST_MATH = YES;
				ONLY_ACTIVE_ARCH = YES;
				SDKROOT = iphoneos;
				SWIFT_ACTIVE_COMPILATION_CONDITIONS = DEBUG;
				SWIFT_OPTIMIZATION_LEVEL = "-Onone";
			};
			name = Debug;
		};
		60FA1595286B8B86008EBD1C /* Release */ = {
			isa = XCBuildConfiguration;
			buildSettings = {
				ALWAYS_SEARCH_USER_PATHS = NO;
				CLANG_ANALYZER_NONNULL = YES;
				CLANG_ANALYZER_NUMBER_OBJECT_CONVERSION = YES_AGGRESSIVE;
				CLANG_CXX_LANGUAGE_STANDARD = "gnu++17";
				CLANG_ENABLE_MODULES = YES;
				CLANG_ENABLE_OBJC_ARC = YES;
				CLANG_ENABLE_OBJC_WEAK = YES;
				CLANG_WARN_BLOCK_CAPTURE_AUTORELEASING = YES;
				CLANG_WARN_BOOL_CONVERSION = YES;
				CLANG_WARN_COMMA = YES;
				CLANG_WARN_CONSTANT_CONVERSION = YES;
				CLANG_WARN_DEPRECATED_OBJC_IMPLEMENTATIONS = YES;
				CLANG_WARN_DIRECT_OBJC_ISA_USAGE = YES_ERROR;
				CLANG_WARN_DOCUMENTATION_COMMENTS = YES;
				CLANG_WARN_EMPTY_BODY = YES;
				CLANG_WARN_ENUM_CONVERSION = YES;
				CLANG_WARN_INFINITE_RECURSION = YES;
				CLANG_WARN_INT_CONVERSION = YES;
				CLANG_WARN_NON_LITERAL_NULL_CONVERSION = YES;
				CLANG_WARN_OBJC_IMPLICIT_RETAIN_SELF = YES;
				CLANG_WARN_OBJC_LITERAL_CONVERSION = YES;
				CLANG_WARN_OBJC_ROOT_CLASS = YES_ERROR;
				CLANG_WARN_QUOTED_INCLUDE_IN_FRAMEWORK_HEADER = YES;
				CLANG_WARN_RANGE_LOOP_ANALYSIS = YES;
				CLANG_WARN_STRICT_PROTOTYPES = YES;
				CLANG_WARN_SUSPICIOUS_MOVE = YES;
				CLANG_WARN_UNGUARDED_AVAILABILITY = YES_AGGRESSIVE;
				CLANG_WARN_UNREACHABLE_CODE = YES;
				CLANG_WARN__DUPLICATE_METHOD_MATCH = YES;
				COPY_PHASE_STRIP = NO;
				DEBUG_INFORMATION_FORMAT = "dwarf-with-dsym";
				ENABLE_NS_ASSERTIONS = NO;
				ENABLE_STRICT_OBJC_MSGSEND = YES;
				GCC_C_LANGUAGE_STANDARD = gnu11;
				GCC_NO_COMMON_BLOCKS = YES;
				GCC_WARN_64_TO_32_BIT_CONVERSION = YES;
				GCC_WARN_ABOUT_RETURN_TYPE = YES_ERROR;
				GCC_WARN_UNDECLARED_SELECTOR = YES;
				GCC_WARN_UNINITIALIZED_AUTOS = YES_AGGRESSIVE;
				GCC_WARN_UNUSED_FUNCTION = YES;
				GCC_WARN_UNUSED_VARIABLE = YES;
				IPHONEOS_DEPLOYMENT_TARGET = 15.5;
				MTL_ENABLE_DEBUG_INFO = NO;
				MTL_FAST_MATH = YES;
				SDKROOT = iphoneos;
				SWIFT_COMPILATION_MODE = wholemodule;
				SWIFT_OPTIMIZATION_LEVEL = "-O";
				VALIDATE_PRODUCT = YES;
			};
			name = Release;
		};
		60FA1597286B8B86008EBD1C /* Debug */ = {
			isa = XCBuildConfiguration;
			buildSettings = {
				ASSETCATALOG_COMPILER_APPICON_NAME = AppIcon;
				ASSETCATALOG_COMPILER_GLOBAL_ACCENT_COLOR_NAME = AccentColor;
				CODE_SIGN_STYLE = Automatic;
				CURRENT_PROJECT_VERSION = 1;
				GENERATE_INFOPLIST_FILE = YES;
				INFOPLIST_FILE = "Recollect App KWK22/Info.plist";
				INFOPLIST_KEY_UIApplicationSupportsIndirectInputEvents = YES;
				INFOPLIST_KEY_UILaunchStoryboardName = LaunchScreen;
				INFOPLIST_KEY_UIMainStoryboardFile = Main;
				INFOPLIST_KEY_UISupportedInterfaceOrientations_iPad = "UIInterfaceOrientationPortrait UIInterfaceOrientationPortraitUpsideDown UIInterfaceOrientationLandscapeLeft UIInterfaceOrientationLandscapeRight";
				INFOPLIST_KEY_UISupportedInterfaceOrientations_iPhone = "UIInterfaceOrientationPortrait UIInterfaceOrientationLandscapeLeft UIInterfaceOrientationLandscapeRight";
				LD_RUNPATH_SEARCH_PATHS = (
					"$(inherited)",
					"@executable_path/Frameworks",
				);
				MARKETING_VERSION = 1.0;
				PRODUCT_BUNDLE_IDENTIFIER = "KWK2022.Recollect-App-KWK22";
				PRODUCT_NAME = "$(TARGET_NAME)";
				SWIFT_EMIT_LOC_STRINGS = YES;
				SWIFT_VERSION = 5.0;
				TARGETED_DEVICE_FAMILY = "1,2";
			};
			name = Debug;
		};
		60FA1598286B8B86008EBD1C /* Release */ = {
			isa = XCBuildConfiguration;
			buildSettings = {
				ASSETCATALOG_COMPILER_APPICON_NAME = AppIcon;
				ASSETCATALOG_COMPILER_GLOBAL_ACCENT_COLOR_NAME = AccentColor;
				CODE_SIGN_STYLE = Automatic;
				CURRENT_PROJECT_VERSION = 1;
				GENERATE_INFOPLIST_FILE = YES;
				INFOPLIST_FILE = "Recollect App KWK22/Info.plist";
				INFOPLIST_KEY_UIApplicationSupportsIndirectInputEvents = YES;
				INFOPLIST_KEY_UILaunchStoryboardName = LaunchScreen;
				INFOPLIST_KEY_UIMainStoryboardFile = Main;
				INFOPLIST_KEY_UISupportedInterfaceOrientations_iPad = "UIInterfaceOrientationPortrait UIInterfaceOrientationPortraitUpsideDown UIInterfaceOrientationLandscapeLeft UIInterfaceOrientationLandscapeRight";
				INFOPLIST_KEY_UISupportedInterfaceOrientations_iPhone = "UIInterfaceOrientationPortrait UIInterfaceOrientationLandscapeLeft UIInterfaceOrientationLandscapeRight";
				LD_RUNPATH_SEARCH_PATHS = (
					"$(inherited)",
					"@executable_path/Frameworks",
				);
				MARKETING_VERSION = 1.0;
				PRODUCT_BUNDLE_IDENTIFIER = "KWK2022.Recollect-App-KWK22";
				PRODUCT_NAME = "$(TARGET_NAME)";
				SWIFT_EMIT_LOC_STRINGS = YES;
				SWIFT_VERSION = 5.0;
				TARGETED_DEVICE_FAMILY = "1,2";
			};
			name = Release;
		};
		60FA159A286B8B86008EBD1C /* Debug */ = {
			isa = XCBuildConfiguration;
			buildSettings = {
				ALWAYS_EMBED_SWIFT_STANDARD_LIBRARIES = YES;
				BUNDLE_LOADER = "$(TEST_HOST)";
				CODE_SIGN_STYLE = Automatic;
				CURRENT_PROJECT_VERSION = 1;
				GENERATE_INFOPLIST_FILE = YES;
				IPHONEOS_DEPLOYMENT_TARGET = 15.5;
				MARKETING_VERSION = 1.0;
				PRODUCT_BUNDLE_IDENTIFIER = "KWK2022.Recollect-App-KWK22Tests";
				PRODUCT_NAME = "$(TARGET_NAME)";
				SWIFT_EMIT_LOC_STRINGS = NO;
				SWIFT_VERSION = 5.0;
				TARGETED_DEVICE_FAMILY = "1,2";
				TEST_HOST = "$(BUILT_PRODUCTS_DIR)/Recollect App KWK22.app/Recollect App KWK22";
			};
			name = Debug;
		};
		60FA159B286B8B86008EBD1C /* Release */ = {
			isa = XCBuildConfiguration;
			buildSettings = {
				ALWAYS_EMBED_SWIFT_STANDARD_LIBRARIES = YES;
				BUNDLE_LOADER = "$(TEST_HOST)";
				CODE_SIGN_STYLE = Automatic;
				CURRENT_PROJECT_VERSION = 1;
				GENERATE_INFOPLIST_FILE = YES;
				IPHONEOS_DEPLOYMENT_TARGET = 15.5;
				MARKETING_VERSION = 1.0;
				PRODUCT_BUNDLE_IDENTIFIER = "KWK2022.Recollect-App-KWK22Tests";
				PRODUCT_NAME = "$(TARGET_NAME)";
				SWIFT_EMIT_LOC_STRINGS = NO;
				SWIFT_VERSION = 5.0;
				TARGETED_DEVICE_FAMILY = "1,2";
				TEST_HOST = "$(BUILT_PRODUCTS_DIR)/Recollect App KWK22.app/Recollect App KWK22";
			};
			name = Release;
		};
		60FA159D286B8B86008EBD1C /* Debug */ = {
			isa = XCBuildConfiguration;
			buildSettings = {
				ALWAYS_EMBED_SWIFT_STANDARD_LIBRARIES = YES;
				CODE_SIGN_STYLE = Automatic;
				CURRENT_PROJECT_VERSION = 1;
				GENERATE_INFOPLIST_FILE = YES;
				MARKETING_VERSION = 1.0;
				PRODUCT_BUNDLE_IDENTIFIER = "KWK2022.Recollect-App-KWK22UITests";
				PRODUCT_NAME = "$(TARGET_NAME)";
				SWIFT_EMIT_LOC_STRINGS = NO;
				SWIFT_VERSION = 5.0;
				TARGETED_DEVICE_FAMILY = "1,2";
				TEST_TARGET_NAME = "Recollect App KWK22";
			};
			name = Debug;
		};
		60FA159E286B8B86008EBD1C /* Release */ = {
			isa = XCBuildConfiguration;
			buildSettings = {
				ALWAYS_EMBED_SWIFT_STANDARD_LIBRARIES = YES;
				CODE_SIGN_STYLE = Automatic;
				CURRENT_PROJECT_VERSION = 1;
				GENERATE_INFOPLIST_FILE = YES;
				MARKETING_VERSION = 1.0;
				PRODUCT_BUNDLE_IDENTIFIER = "KWK2022.Recollect-App-KWK22UITests";
				PRODUCT_NAME = "$(TARGET_NAME)";
				SWIFT_EMIT_LOC_STRINGS = NO;
				SWIFT_VERSION = 5.0;
				TARGETED_DEVICE_FAMILY = "1,2";
				TEST_TARGET_NAME = "Recollect App KWK22";
			};
			name = Release;
		};
/* End XCBuildConfiguration section */

/* Begin XCConfigurationList section */
		60FA1564286B8B84008EBD1C /* Build configuration list for PBXProject "Recollect App KWK22" */ = {
			isa = XCConfigurationList;
			buildConfigurations = (
				60FA1594286B8B86008EBD1C /* Debug */,
				60FA1595286B8B86008EBD1C /* Release */,
			);
			defaultConfigurationIsVisible = 0;
			defaultConfigurationName = Release;
		};
		60FA1596286B8B86008EBD1C /* Build configuration list for PBXNativeTarget "Recollect App KWK22" */ = {
			isa = XCConfigurationList;
			buildConfigurations = (
				60FA1597286B8B86008EBD1C /* Debug */,
				60FA1598286B8B86008EBD1C /* Release */,
			);
			defaultConfigurationIsVisible = 0;
			defaultConfigurationName = Release;
		};
		60FA1599286B8B86008EBD1C /* Build configuration list for PBXNativeTarget "Recollect App KWK22Tests" */ = {
			isa = XCConfigurationList;
			buildConfigurations = (
				60FA159A286B8B86008EBD1C /* Debug */,
				60FA159B286B8B86008EBD1C /* Release */,
			);
			defaultConfigurationIsVisible = 0;
			defaultConfigurationName = Release;
		};
		60FA159C286B8B86008EBD1C /* Build configuration list for PBXNativeTarget "Recollect App KWK22UITests" */ = {
			isa = XCConfigurationList;
			buildConfigurations = (
				60FA159D286B8B86008EBD1C /* Debug */,
				60FA159E286B8B86008EBD1C /* Release */,
			);
			defaultConfigurationIsVisible = 0;
			defaultConfigurationName = Release;
		};
/* End XCConfigurationList section */

/* Begin XCVersionGroup section */
		60FA1575286B8B84008EBD1C /* Recollect_App_KWK22.xcdatamodeld */ = {
			isa = XCVersionGroup;
			children = (
				60FA1576286B8B84008EBD1C /* Recollect_App_KWK22.xcdatamodel */,
			);
			currentVersion = 60FA1576286B8B84008EBD1C /* Recollect_App_KWK22.xcdatamodel */;
			path = Recollect_App_KWK22.xcdatamodeld;
			sourceTree = "<group>";
			versionGroupType = wrapper.xcdatamodel;
		};
/* End XCVersionGroup section */
	};
	rootObject = 60FA1561286B8B84008EBD1C /* Project object */;
}
